
Microsoft Visual Studio Solution File, Format Version 12.00
# Visual Studio Version 17
VisualStudioVersion = 17.5.33414.496
MinimumVisualStudioVersion = 10.0.40219.1
Project("{FAE04EC0-301F-11D3-BF4B-00C04F79EFBC}") = "KA-SWD63B-Cloud-HA", "KA-SWD63B-Cloud-HA\KA-SWD63B-Cloud-HA.csproj", "{6680C2FF-ABF2-45D6-99B0-73E0BAD51F2A}"
EndProject
Global
	GlobalSection(SolutionConfigurationPlatforms) = preSolution
		Debug|Any CPU = Debug|Any CPU
		Release|Any CPU = Release|Any CPU
	EndGlobalSection
	GlobalSection(ProjectConfigurationPlatforms) = postSolution
		{6680C2FF-ABF2-45D6-99B0-73E0BAD51F2A}.Debug|Any CPU.ActiveCfg = Debug|Any CPU
		{6680C2FF-ABF2-45D6-99B0-73E0BAD51F2A}.Debug|Any CPU.Build.0 = Debug|Any CPU
		{6680C2FF-ABF2-45D6-99B0-73E0BAD51F2A}.Release|Any CPU.ActiveCfg = Release|Any CPU
		{6680C2FF-ABF2-45D6-99B0-73E0BAD51F2A}.Release|Any CPU.Build.0 = Release|Any CPU
	EndGlobalSection
	GlobalSection(SolutionProperties) = preSolution
		HideSolutionNode = FALSE
	EndGlobalSection
	GlobalSection(ExtensibilityGlobals) = postSolution
		SolutionGuid = {36F48C76-B236-4761-AAF7-A9D21FEB6BF9}
	EndGlobalSection
EndGlobal
